
Microsoft Visual Studio Solution File, Format Version 12.00
# Visual Studio 2012
Project("{FAE04EC0-301F-11D3-BF4B-00C04F79EFBC}") = "DataStructures", "DataStructures\DataStructures.csproj", "{D9FFDE74-33B0-43F2-BAAA-6186DC469250}"
EndProject
Project("{FAE04EC0-301F-11D3-BF4B-00C04F79EFBC}") = "DataStructuresUnitTests", "DataStructuresUnitTests\DataStructuresUnitTests.csproj", "{C72D17F8-EA55-4F45-81B1-F46E3993F986}"
EndProject
Project("{FAE04EC0-301F-11D3-BF4B-00C04F79EFBC}") = "Algorithms", "Algorithms\Algorithms.csproj", "{465E5FE1-2A87-4204-A69F-7E28A74F4841}"
EndProject
Global
	GlobalSection(TeamFoundationVersionControl) = preSolution
		SccNumberOfProjects = 2
		SccEnterpriseProvider = {4CA58AB2-18FA-4F8D-95D4-32DDF27D184C}
		SccTeamFoundationServer = https://appsforme.visualstudio.com/defaultcollection
		SccProjectUniqueName0 = DataStructures\\DataStructures.csproj
		SccProjectName0 = DataStructures
		SccAuxPath0 = https://appsforme.visualstudio.com/defaultcollection
		SccLocalPath0 = DataStructures
		SccProvider0 = {4CA58AB2-18FA-4F8D-95D4-32DDF27D184C}
		SccProjectUniqueName1 = DataStructuresUnitTests\\DataStructuresUnitTests.csproj
		SccProjectName1 = DataStructuresUnitTests
		SccAuxPath1 = https://appsforme.visualstudio.com/defaultcollection
		SccLocalPath1 = DataStructuresUnitTests
		SccProvider1 = {4CA58AB2-18FA-4F8D-95D4-32DDF27D184C}
	EndGlobalSection
	GlobalSection(SolutionConfigurationPlatforms) = preSolution
		Debug|Any CPU = Debug|Any CPU
		Debug|ARM = Debug|ARM
		Debug|x64 = Debug|x64
		Debug|x86 = Debug|x86
		Release|Any CPU = Release|Any CPU
		Release|ARM = Release|ARM
		Release|x64 = Release|x64
		Release|x86 = Release|x86
	EndGlobalSection
	GlobalSection(ProjectConfigurationPlatforms) = postSolution
		{D9FFDE74-33B0-43F2-BAAA-6186DC469250}.Debug|Any CPU.ActiveCfg = Debug|Any CPU
		{D9FFDE74-33B0-43F2-BAAA-6186DC469250}.Debug|Any CPU.Build.0 = Debug|Any CPU
		{D9FFDE74-33B0-43F2-BAAA-6186DC469250}.Debug|ARM.ActiveCfg = Debug|Any CPU
		{D9FFDE74-33B0-43F2-BAAA-6186DC469250}.Debug|x64.ActiveCfg = Debug|Any CPU
		{D9FFDE74-33B0-43F2-BAAA-6186DC469250}.Debug|x86.ActiveCfg = Debug|Any CPU
		{D9FFDE74-33B0-43F2-BAAA-6186DC469250}.Release|Any CPU.ActiveCfg = Release|Any CPU
		{D9FFDE74-33B0-43F2-BAAA-6186DC469250}.Release|Any CPU.Build.0 = Release|Any CPU
		{D9FFDE74-33B0-43F2-BAAA-6186DC469250}.Release|ARM.ActiveCfg = Release|Any CPU
		{D9FFDE74-33B0-43F2-BAAA-6186DC469250}.Release|x64.ActiveCfg = Release|Any CPU
		{D9FFDE74-33B0-43F2-BAAA-6186DC469250}.Release|x86.ActiveCfg = Release|Any CPU
		{C72D17F8-EA55-4F45-81B1-F46E3993F986}.Debug|Any CPU.ActiveCfg = Debug|Any CPU
		{C72D17F8-EA55-4F45-81B1-F46E3993F986}.Debug|Any CPU.Build.0 = Debug|Any CPU
		{C72D17F8-EA55-4F45-81B1-F46E3993F986}.Debug|ARM.ActiveCfg = Debug|Any CPU
		{C72D17F8-EA55-4F45-81B1-F46E3993F986}.Debug|x64.ActiveCfg = Debug|Any CPU
		{C72D17F8-EA55-4F45-81B1-F46E3993F986}.Debug|x86.ActiveCfg = Debug|Any CPU
		{C72D17F8-EA55-4F45-81B1-F46E3993F986}.Release|Any CPU.ActiveCfg = Release|Any CPU
		{C72D17F8-EA55-4F45-81B1-F46E3993F986}.Release|Any CPU.Build.0 = Release|Any CPU
		{C72D17F8-EA55-4F45-81B1-F46E3993F986}.Release|ARM.ActiveCfg = Release|Any CPU
		{C72D17F8-EA55-4F45-81B1-F46E3993F986}.Release|x64.ActiveCfg = Release|Any CPU
		{C72D17F8-EA55-4F45-81B1-F46E3993F986}.Release|x86.ActiveCfg = Release|Any CPU
		{465E5FE1-2A87-4204-A69F-7E28A74F4841}.Debug|Any CPU.ActiveCfg = Debug|Any CPU
		{465E5FE1-2A87-4204-A69F-7E28A74F4841}.Debug|Any CPU.Build.0 = Debug|Any CPU
		{465E5FE1-2A87-4204-A69F-7E28A74F4841}.Debug|ARM.ActiveCfg = Debug|Any CPU
		{465E5FE1-2A87-4204-A69F-7E28A74F4841}.Debug|x64.ActiveCfg = Debug|Any CPU
		{465E5FE1-2A87-4204-A69F-7E28A74F4841}.Debug|x86.ActiveCfg = Debug|Any CPU
		{465E5FE1-2A87-4204-A69F-7E28A74F4841}.Release|Any CPU.ActiveCfg = Release|Any CPU
		{465E5FE1-2A87-4204-A69F-7E28A74F4841}.Release|Any CPU.Build.0 = Release|Any CPU
		{465E5FE1-2A87-4204-A69F-7E28A74F4841}.Release|ARM.ActiveCfg = Release|Any CPU
		{465E5FE1-2A87-4204-A69F-7E28A74F4841}.Release|x64.ActiveCfg = Release|Any CPU
		{465E5FE1-2A87-4204-A69F-7E28A74F4841}.Release|x86.ActiveCfg = Release|Any CPU
	EndGlobalSection
	GlobalSection(SolutionProperties) = preSolution
		HideSolutionNode = FALSE
	EndGlobalSection
EndGlobal
